
Microsoft Visual Studio Solution File, Format Version 12.00
# Visual Studio Version 16
VisualStudioVersion = 16.0.31702.278
MinimumVisualStudioVersion = 10.0.40219.1
Project("{8BC9CEB8-8B4A-11D0-8D11-00A0C91BC942}") = "LinearSearch", "LinearSearch\LinearSearch.vcxproj", "{22827B12-21AB-4C61-9B3C-6B4D84AE34DA}"
EndProject
Global
	GlobalSection(SolutionConfigurationPlatforms) = preSolution
		Debug|x64 = Debug|x64
		Debug|x86 = Debug|x86
		Release|x64 = Release|x64
		Release|x86 = Release|x86
	EndGlobalSection
	GlobalSection(ProjectConfigurationPlatforms) = postSolution
		{22827B12-21AB-4C61-9B3C-6B4D84AE34DA}.Debug|x64.ActiveCfg = Debug|x64
		{22827B12-21AB-4C61-9B3C-6B4D84AE34DA}.Debug|x64.Build.0 = Debug|x64
		{22827B12-21AB-4C61-9B3C-6B4D84AE34DA}.Debug|x86.ActiveCfg = Debug|Win32
		{22827B12-21AB-4C61-9B3C-6B4D84AE34DA}.Debug|x86.Build.0 = Debug|Win32
		{22827B12-21AB-4C61-9B3C-6B4D84AE34DA}.Release|x64.ActiveCfg = Release|x64
		{22827B12-21AB-4C61-9B3C-6B4D84AE34DA}.Release|x64.Build.0 = Release|x64
		{22827B12-21AB-4C61-9B3C-6B4D84AE34DA}.Release|x86.ActiveCfg = Release|Win32
		{22827B12-21AB-4C61-9B3C-6B4D84AE34DA}.Release|x86.Build.0 = Release|Win32
	EndGlobalSection
	GlobalSection(SolutionProperties) = preSolution
		HideSolutionNode = FALSE
	EndGlobalSection
	GlobalSection(ExtensibilityGlobals) = postSolution
		SolutionGuid = {66EDF864-B1C8-4F86-812F-D8AC6C8D5DF5}
	EndGlobalSection
EndGlobal
